# THIS IS AN AUTOGENERATED FILE. DO NOT EDIT THIS FILE DIRECTLY.
# yarn lockfile v1


dot-prop@^4.2.1:
  version "4.2.1"
  resolved "https://registry.yarnpkg.com/dot-prop/-/dot-prop-4.2.1.tgz#45884194a71fc2cda71cbb4bceb3a4dd2f433ba4"
  integrity sha512-l0p4+mIuJIua0mhxGoh4a+iNL9bmeK5DvnSVQa6T0OhrVmaEa1XScX5Etc673FePCJOArq/4Pa2cLGODUWTPOQ==
  dependencies:
    is-obj "^1.0.0"

glob-parent@^5.1.2:
  version "5.1.2"
  resolved "https://registry.yarnpkg.com/glob-parent/-/glob-parent-5.1.2.tgz#869832c58034fe68a4093c17dc15e8340d8401c4"
  integrity sha512-AOIgSQCepiJYwP3ARnGx+5VnTu2HBYdzbGP45eLw1vr3zB3vZLeyed1sC9hnbcOc9/SrMyM5RPQrkGz4aS9Zow==
  dependencies:
    is-glob "^4.0.1"

is-extglob@^2.1.1:
  version "2.1.1"
  resolved "https://registry.yarnpkg.com/is-extglob/-/is-extglob-2.1.1.tgz#a88c02535791f02ed37c76a1b9ea9773c833f8c2"
  integrity sha1-qIwCU1eR8C7TfHahueqXc8gz+MI=

is-glob@^4.0.1:
  version "4.0.1"
  resolved "https://registry.yarnpkg.com/is-glob/-/is-glob-4.0.1.tgz#7567dbe9f2f5e2467bc77ab83c4a29482407a5dc"
  integrity sha512-5G0tKtBTFImOqDnLB2hG6Bp2qcKEFduo4tZu9MT/H6NQv/ghhy30o55ufafxJ/LdH79LLs2Kfrn85TLKyA7BUg==
  dependencies:
    is-extglob "^2.1.1"

is-obj@^1.0.0:
  version "1.0.1"
  resolved "https://registry.yarnpkg.com/is-obj/-/is-obj-1.0.1.tgz#3e4729ac1f5fde025cd7d83a896dab9f4f67db0f"
  integrity sha1-PkcprB9f3gJc19g6iW2rn09n2w8=

node-forge@^1.0.0:
  version "1.0.0"
  resolved "https://registry.yarnpkg.com/node-forge/-/node-forge-1.0.0.tgz#a025e3beeeb90d9cee37dae34d25b968ec3e6f15"
  integrity sha512-ShkiiAlzSsgH1IwGlA0jybk9vQTIOLyJ9nBd0JTuP+nzADJFLY0NoDijM2zvD/JaezooGu3G2p2FNxOAK6459g==

printf@^0.6.1:
  version "0.6.1"
  resolved "https://registry.yarnpkg.com/printf/-/printf-0.6.1.tgz#b9afa3d3b55b7f2e8b1715272479fc756ed88650"
  integrity sha512-is0ctgGdPJ5951KulgfzvHGwJtZ5ck8l042vRkV6jrkpBzTmb/lueTqguWHy2JfVA+RY6gFVlaZgUS0j7S/dsw==

trim-newlines@^3.0.1:
  version "3.0.1"
  resolved "https://registry.yarnpkg.com/trim-newlines/-/trim-newlines-3.0.1.tgz#260a5d962d8b752425b32f3a7db0dcacd176c144"
  integrity sha512-c1PTsA3tYrIsLGkJkzHF+w9F2EyxfXGo4UyJc4pFL++FMjnq0HJS69T3M7d//gKrFKwy429bouPescbjecU+Zw==
